{
  "name": "react-native-repository",
  "version": "1.6.0",
  "lockfileVersion": 1,
  "requires": true,
  "dependencies": {
    "@react-native-community/async-storage": {
      "version": "1.12.0",
      "resolved": "https://registry.npmjs.org/@react-native-community/async-storage/-/async-storage-1.12.0.tgz",
      "integrity": "sha512-y3zVxuVyiOxI8TXrvajmYfDbIt2vFNxzV5MiA28v15DQTxDk6uJH3rpc9my+la7u2Tiwt3PpdU2+59ZgZ4h7wA==",
      "requires": {
        "deep-assign": "^3.0.0"
      }
    },
    "crypto-js": {
      "version": "3.3.0",
      "resolved": "https://registry.npmjs.org/crypto-js/-/crypto-js-3.3.0.tgz",
      "integrity": "sha512-DIT51nX0dCfKltpRiXV+/TVZq+Qq2NgF4644+K7Ttnla7zEzqc+kjJyiB96BHNyUTBxyjzRcZYpUdZa+QAqi6Q=="
    },
    "deep-assign": {
      "version": "3.0.0",
      "resolved": "https://registry.npmjs.org/deep-assign/-/deep-assign-3.0.0.tgz",
      "integrity": "sha512-YX2i9XjJ7h5q/aQ/IM9PEwEnDqETAIYbggmdDB3HLTlSgo1CxPsj6pvhPG68rq6SVE0+p+6Ywsm5fTYNrYtBWw==",
      "requires": {
        "is-obj": "^1.0.0"
      }
    },
    "is-obj": {
      "version": "1.0.1",
      "resolved": "https://registry.npmjs.org/is-obj/-/is-obj-1.0.1.tgz",
      "integrity": "sha1-PkcprB9f3gJc19g6iW2rn09n2w8="
    },
    "react-native-azure-cosmos": {
      "version": "1.2.6",
      "resolved": "https://registry.npmjs.org/react-native-azure-cosmos/-/react-native-azure-cosmos-1.2.6.tgz",
      "integrity": "sha512-vHWAUi6yacDvD541UKlJXn+aP3INBKYyiQ2UZAM6xRA/bmaNsXXgMjSL8rq4LgFjvWetYSGwdYwq34BnYLU7Eg==",
      "requires": {
        "crypto-js": "^3.2.0",
        "react-native-fetch-cache": "^1.0.0"
      }
    },
    "react-native-azure-cosmos-gremlin": {
      "version": "1.1.5",
      "resolved": "https://registry.npmjs.org/react-native-azure-cosmos-gremlin/-/react-native-azure-cosmos-gremlin-1.1.5.tgz",
      "integrity": "sha512-mI643n3BymuXbeZqr3oYmIWg4S/6Qvg2QR1NE9sfjysXjhISIJGZB2ArGMG8xfEXb27EI72f/ukv2qtFrBENKg==",
      "requires": {
        "crypto-js": "^3.2.0",
        "react-native-fetch-cache": "^1.0.0"
      }
    },
    "react-native-fetch-cache": {
      "version": "1.0.0",
      "resolved": "https://registry.npmjs.org/react-native-fetch-cache/-/react-native-fetch-cache-1.0.0.tgz",
      "integrity": "sha512-iLGAFLUeoQ+a6ETd22vj5ZyAocVWhCC3INAdhv7cKIyo64HH/RTcb+ljkvNj/jwAqA2BHfLDIC2sU693tW0XGg==",
      "requires": {
        "@react-native-community/async-storage": "^1.12.0"
      }
    }
  }
}
